
Microsoft Visual Studio Solution File, Format Version 12.00
Project("{FAE04EC0-301F-11D3-BF4B-00C04F79EFBC}") = "OcelotLearningConsole", "OcelotLearningConsole\OcelotLearningConsole.csproj", "{353D766C-4ECF-41E4-B71B-3C0A6A3DB9D8}"
EndProject
Global
	GlobalSection(SolutionConfigurationPlatforms) = preSolution
		Debug|Any CPU = Debug|Any CPU
		Release|Any CPU = Release|Any CPU
	EndGlobalSection
	GlobalSection(ProjectConfigurationPlatforms) = postSolution
		{353D766C-4ECF-41E4-B71B-3C0A6A3DB9D8}.Debug|Any CPU.ActiveCfg = Debug|Any CPU
		{353D766C-4ECF-41E4-B71B-3C0A6A3DB9D8}.Debug|Any CPU.Build.0 = Debug|Any CPU
		{353D766C-4ECF-41E4-B71B-3C0A6A3DB9D8}.Release|Any CPU.ActiveCfg = Release|Any CPU
		{353D766C-4ECF-41E4-B71B-3C0A6A3DB9D8}.Release|Any CPU.Build.0 = Release|Any CPU
	EndGlobalSection
EndGlobal
